
Microsoft Visual Studio Solution File, Format Version 12.00
# Visual Studio Version 17
VisualStudioVersion = 17.14.36429.23 d17.14
MinimumVisualStudioVersion = 10.0.40219.1
Project("{FAE04EC0-301F-11D3-BF4B-00C04F79EFBC}") = "D3_SemaforoPeluqueria", "D3_SemaforoPeluqueria.csproj", "{8C65B799-D2AF-456C-865F-7E75B2DD2BD8}"
EndProject
Global
	GlobalSection(SolutionConfigurationPlatforms) = preSolution
		Debug|Any CPU = Debug|Any CPU
		Release|Any CPU = Release|Any CPU
	EndGlobalSection
	GlobalSection(ProjectConfigurationPlatforms) = postSolution
		{8C65B799-D2AF-456C-865F-7E75B2DD2BD8}.Debug|Any CPU.ActiveCfg = Debug|Any CPU
		{8C65B799-D2AF-456C-865F-7E75B2DD2BD8}.Debug|Any CPU.Build.0 = Debug|Any CPU
		{8C65B799-D2AF-456C-865F-7E75B2DD2BD8}.Release|Any CPU.ActiveCfg = Release|Any CPU
		{8C65B799-D2AF-456C-865F-7E75B2DD2BD8}.Release|Any CPU.Build.0 = Release|Any CPU
	EndGlobalSection
	GlobalSection(SolutionProperties) = preSolution
		HideSolutionNode = FALSE
	EndGlobalSection
	GlobalSection(ExtensibilityGlobals) = postSolution
		SolutionGuid = {85911462-4561-4897-BDBB-0210172F91BC}
	EndGlobalSection
EndGlobal
